
Microsoft Visual Studio Solution File, Format Version 12.00
# Visual Studio Version 17
VisualStudioVersion = 17.4.33103.184
MinimumVisualStudioVersion = 10.0.40219.1
Project("{9A19103F-16F7-4668-BE54-9A1E7A4F7556}") = "FinalBankExampleCore", "FinalBankExampleCore\FinalBankExampleCore.csproj", "{D18FDACA-445A-45BA-9D48-1E7BEE28F77C}"
EndProject
Global
	GlobalSection(SolutionConfigurationPlatforms) = preSolution
		Debug|Any CPU = Debug|Any CPU
		Release|Any CPU = Release|Any CPU
	EndGlobalSection
	GlobalSection(ProjectConfigurationPlatforms) = postSolution
		{D18FDACA-445A-45BA-9D48-1E7BEE28F77C}.Debug|Any CPU.ActiveCfg = Debug|Any CPU
		{D18FDACA-445A-45BA-9D48-1E7BEE28F77C}.Debug|Any CPU.Build.0 = Debug|Any CPU
		{D18FDACA-445A-45BA-9D48-1E7BEE28F77C}.Release|Any CPU.ActiveCfg = Release|Any CPU
		{D18FDACA-445A-45BA-9D48-1E7BEE28F77C}.Release|Any CPU.Build.0 = Release|Any CPU
	EndGlobalSection
	GlobalSection(SolutionProperties) = preSolution
		HideSolutionNode = FALSE
	EndGlobalSection
	GlobalSection(ExtensibilityGlobals) = postSolution
		SolutionGuid = {DA1AF815-5305-4736-B9C3-E6BD679A29DA}
	EndGlobalSection
EndGlobal
